
Microsoft Visual Studio Solution File, Format Version 12.00
# Visual Studio Version 16
VisualStudioVersion = 16.0.30114.105
MinimumVisualStudioVersion = 10.0.40219.1
Project("{FAE04EC0-301F-11D3-BF4B-00C04F79EFBC}") = "2.3.2", "2.3.2\2.3.2.csproj", "{431BECD1-73F7-4666-B274-C4C7A1AE6A71}"
EndProject
Global
	GlobalSection(SolutionConfigurationPlatforms) = preSolution
		Debug|Any CPU = Debug|Any CPU
		Release|Any CPU = Release|Any CPU
	EndGlobalSection
	GlobalSection(ProjectConfigurationPlatforms) = postSolution
		{431BECD1-73F7-4666-B274-C4C7A1AE6A71}.Debug|Any CPU.ActiveCfg = Debug|Any CPU
		{431BECD1-73F7-4666-B274-C4C7A1AE6A71}.Debug|Any CPU.Build.0 = Debug|Any CPU
		{431BECD1-73F7-4666-B274-C4C7A1AE6A71}.Release|Any CPU.ActiveCfg = Release|Any CPU
		{431BECD1-73F7-4666-B274-C4C7A1AE6A71}.Release|Any CPU.Build.0 = Release|Any CPU
	EndGlobalSection
	GlobalSection(SolutionProperties) = preSolution
		HideSolutionNode = FALSE
	EndGlobalSection
	GlobalSection(ExtensibilityGlobals) = postSolution
		SolutionGuid = {A93F1C7C-8B76-4BFE-A2DF-A7B5E9F2A80E}
	EndGlobalSection
EndGlobal
